# This file is autogenerated, do not edit; changes may be undone by the next 'dep ensure'.


[[projects]]
  digest = "1:ffe9824d294da03b391f44e1ae8281281b4afc1bdaa9588c9097785e3af10cec"
  name = "github.com/davecgh/go-spew"
  packages = ["spew"]
  pruneopts = "UT"
  revision = "8991bc29aa16c548c550c7ff78260e27b9ab7c73"
  version = "v1.1.1"

[[projects]]
  branch = "master"
  digest = "1:dbb3d1675f5beeb37de6e9b95cc460158ff212902a916e67688b01e0660f41bd"
  name = "github.com/docker/spdystream"
  packages = [
    ".",
    "spdy",
  ]
  pruneopts = "UT"
  revision = "bc6354cbbc295e925e4c611ffe90c1f287ee54db"

[[projects]]
  digest = "1:b7a8552c62868d867795b63eaf4f45d3e92d36db82b428e680b9c95a8c33e5b1"
  name = "github.com/gogo/protobuf"
  packages = [
    "proto",
    "sortkeys",
  ]
  pruneopts = "UT"
  revision = "342cbe0a04158f6dcb03ca0079991a51a4248c02"
  version = "v0.5"

[[projects]]
  branch = "master"
  digest = "1:1ba1d79f2810270045c328ae5d674321db34e3aae468eb4233883b473c5c0467"
  name = "github.com/golang/glog"
  packages = ["."]
  pruneopts = "UT"
  revision = "23def4e6c14b4da8ac2ed8007337bc5eb5007998"

[[projects]]
  branch = "master"
  digest = "1:1010b7a85fa31a25551671ed9e383b514c3c24f499df27ddc74864042ef91d3f"
  name = "github.com/golang/protobuf"
  packages = [
    "jsonpb",
    "proto",
    "protoc-gen-go/descriptor",
    "protoc-gen-go/plugin",
    "ptypes",
    "ptypes/any",
    "ptypes/duration",
    "ptypes/empty",
    "ptypes/struct",
    "ptypes/timestamp",
    "ptypes/wrappers",
  ]
  pruneopts = "UT"
  revision = "9f81198da99b79e14d70ca2c3cc1bbe44c6e69b6"

[[projects]]
  branch = "master"
  digest = "1:3ee90c0d94da31b442dde97c99635aaafec68d0b8a3c12ee2075c6bdabeec6bb"
  name = "github.com/google/gofuzz"
  packages = ["."]
  pruneopts = "UT"
  revision = "24818f796faf91cd76ec7bddd72458fbced7a6c1"

[[projects]]
  digest = "1:5e031a35b76ee001fa9ca9d598298054a123d080e00d13a8dafcfc5e3ecd5b58"
  name = "github.com/googleapis/gnostic"
  packages = [
    "OpenAPIv2",
    "compiler",
    "extensions",
  ]
  pruneopts = "UT"
  revision = "ee43cbb60db7bd22502942cccbc39059117352ab"
  version = "v0.1.0"

[[projects]]
  digest = "1:81e4a1fb1a9bbcdc5916537b084b6d8410f737ff7f375693d0d6d1942b580e43"
  name = "github.com/grpc-ecosystem/grpc-gateway"
  packages = [
    "runtime",
    "runtime/internal",
    "utilities",
  ]
  pruneopts = "UT"
  revision = "8cc3a55af3bcf171a1c23a90c4df9cf591706104"
  version = "v1.3.0"

[[projects]]
  digest = "1:f645a4d6ea9dc5881f5520b8fb50bf70e7722f9baf7ece61fd1577cc5bedefe3"
  name = "github.com/imdario/mergo"
  packages = ["."]
  pruneopts = "UT"
  revision = "163f41321a19dd09362d4c63cc2489db2015f1f4"
  version = "0.3.2"

[[projects]]
  digest = "1:870d441fe217b8e689d7949fef6e43efbc787e50f200cb1e70dbca9204a1d6be"
  name = "github.com/inconshreveable/mousetrap"
  packages = ["."]
  pruneopts = "UT"
  revision = "76626ae9c91c4f2a10f34cad8ce83ea42c93bb75"
  version = "v1.0"

[[projects]]
  branch = "master"
  digest = "1:17beed8bbc6f78bba8d6f84383bd26139f606b7af7956fa464aae131ebe3f61f"
  name = "github.com/jhump/protoreflect"
  packages = [
    "desc",
    "desc/internal",
    "desc/protoparse",
    "dynamic",
    "dynamic/grpcdynamic",
    "internal",
  ]
  pruneopts = "UT"
  revision = "d0f5a643a7920db0ccead732682f4053fbc32834"

[[projects]]
  digest = "1:eaefc85d32c03e5f0c2b88ea2f79fce3d993e2c78316d21319575dd4ea9153ca"
  name = "github.com/json-iterator/go"
  packages = ["."]
  pruneopts = "UT"
  revision = "ab8a2e0c74be9d3be70b3184d9acc634935ded82"

[[projects]]
  digest = "1:33422d238f147d247752996a26574ac48dcf472976eda7f5134015f06bf16563"
  name = "github.com/modern-go/concurrent"
  packages = ["."]
  pruneopts = "UT"
  revision = "bacd9c7ef1dd9b15be4a9909b8ac7a4e313eec94"
  version = "1.0.3"

[[projects]]
  digest = "1:e32bdbdb7c377a07a9a46378290059822efdce5c8d96fe71940d87cb4f918855"
  name = "github.com/modern-go/reflect2"
  packages = ["."]
  pruneopts = "UT"
  revision = "4b7aa43c6742a2c18fdef89dd197aaae7dac7ccd"
  version = "1.0.1"

[[projects]]
  digest = "1:7ffc0983035bc7e297da3688d9fe19d60a420e9c38bef23f845c53788ed6a05e"
  name = "github.com/spf13/cobra"
  packages = ["."]
  pruneopts = "UT"
  revision = "7b2c5ac9fc04fc5efafb60700713d4fa609b777b"
  version = "v0.0.1"

[[projects]]
  digest = "1:1b21a2b4058a779f290c7341cd93267492e0ecea6c8b54f64a4a5fd7ff131034"
  name = "github.com/spf13/pflag"
  packages = ["."]
  pruneopts = "UT"
  revision = "e57e3eeb33f795204c1ca35f56c44f83227c6e66"
  version = "v1.0.0"

[[projects]]
  branch = "master"
  digest = "1:707ec3bb6ccc1cd330b8789467fa6cd8dad40f63fed028ba777a6c2ca13a9838"
  name = "golang.org/x/crypto"
  packages = ["ssh/terminal"]
  pruneopts = "UT"
  revision = "3d37316aaa6bd9929127ac9a527abf408178ea7b"

[[projects]]
  branch = "master"
  digest = "1:889eb8b77590b4d07e34bb18b529e155c8d7e5db450efb7ad48b5a6e8353fe79"
  name = "golang.org/x/net"
  packages = [
    "context",
    "context/ctxhttp",
    "http2",
    "http2/hpack",
    "idna",
    "internal/timeseries",
    "lex/httplex",
    "trace",
  ]
  pruneopts = "UT"
  revision = "a8b9294777976932365dabb6640cf1468d95c70f"

[[projects]]
  branch = "master"
  digest = "1:911b45b658f5fab1a26259e2fd1085ab296f9d3e46117311d25f8dae51efe720"
  name = "golang.org/x/oauth2"
  packages = [
    ".",
    "internal",
  ]
  pruneopts = "UT"
  revision = "bf48bf16ab8d622ce64ec6ce98d2c98f916b6303"

[[projects]]
  branch = "master"
  digest = "1:322dcd045c1f20b4604d829832fbbb7cb29f2f7615179736c57b4f2a4ca25ee3"
  name = "golang.org/x/sys"
  packages = [
    "unix",
    "windows",
  ]
  pruneopts = "UT"
  revision = "af50095a40f9041b3b38960738837185c26e9419"

[[projects]]
  branch = "master"
  digest = "1:3c6a43a33a473a50194e978adf812e62fe8ca0f430847231e1f4a71543572faa"
  name = "golang.org/x/text"
  packages = [
    "collate",
    "collate/build",
    "internal/colltab",
    "internal/gen",
    "internal/tag",
    "internal/triegen",
    "internal/ucd",
    "language",
    "secure/bidirule",
    "transform",
    "unicode/bidi",
    "unicode/cldr",
    "unicode/norm",
    "unicode/rangetable",
  ]
  pruneopts = "UT"
  revision = "57961680700a5336d15015c8c50686ca5ba362a4"

[[projects]]
  branch = "master"
  digest = "1:908ad1a739c1afa54078eec5dc8a56b8ed01c0576b52ca61600471682fce4c33"
  name = "golang.org/x/time"
  packages = ["rate"]
  pruneopts = "UT"
  revision = "89c76fbcd5d1cd4969e5d2fe19d48b19d5ad94a0"

[[projects]]
  digest = "1:15bbb120d95283019f8891f2762fab3e735075b2cf9b378497277d2fe6c4abca"
  name = "google.golang.org/appengine"
  packages = [
    "internal",
    "internal/base",
    "internal/datastore",
    "internal/log",
    "internal/remote_api",
    "internal/urlfetch",
    "urlfetch",
  ]
  pruneopts = "UT"
  revision = "553959209a20f3be281c16dd5be5c740a893978f"
  version = "v1.6.6"

[[projects]]
  branch = "master"
  digest = "1:c7624f891dfd6e0f067688b510473d4721172852fd5cf576d0e9e25766b6b1e0"
  name = "google.golang.org/genproto"
  packages = [
    "googleapis/rpc/status",
    "protobuf/api",
    "protobuf/field_mask",
    "protobuf/ptype",
    "protobuf/source_context",
  ]
  pruneopts = "UT"
  revision = "7f0da29060c682909f650ad8ed4e515bd74fa12a"

[[projects]]
  digest = "1:c9c4df9e275979eaa1076a8c5fdec8ce3f0d26ebafc644c2fbbcc964f13c0040"
  name = "google.golang.org/grpc"
  packages = [
    ".",
    "balancer",
    "balancer/base",
    "balancer/roundrobin",
    "channelz",
    "codes",
    "connectivity",
    "credentials",
    "encoding",
    "encoding/proto",
    "grpclb/grpc_lb_v1/messages",
    "grpclog",
    "internal",
    "keepalive",
    "metadata",
    "naming",
    "peer",
    "resolver",
    "resolver/dns",
    "resolver/passthrough",
    "stats",
    "status",
    "tap",
    "transport",
  ]
  pruneopts = "UT"
  revision = "7a6a684ca69eb4cae85ad0a484f2e531598c047b"
  version = "v1.12.2"

[[projects]]
  digest = "1:3ccd10c863188cfe0d936fcfe6a055c95362e43af8e7039e33baade846928e74"
  name = "gopkg.in/fatih/set.v0"
  packages = ["."]
  pruneopts = "UT"
  revision = "57907de300222151a123d29255ed17f5ed43fad3"
  version = "v0.1.0"

[[projects]]
  digest = "1:ef72505cf098abdd34efeea032103377bec06abb61d8a06f002d5d296a4b1185"
  name = "gopkg.in/inf.v0"
  packages = ["."]
  pruneopts = "UT"
  revision = "3887ee99ecf07df5b447e9b00d9c0b2adaa9f3e4"
  version = "v0.9.0"

[[projects]]
  branch = "v2"
  digest = "1:c46d0fb245dbc49cb816b3e2818d1830e29d03bee1663b1e201f3ed918ec6e60"
  name = "gopkg.in/yaml.v2"
  packages = ["."]
  pruneopts = "UT"
  revision = "287cf08546ab5e7e37d55a84f7ed3fd1db036de5"

[[projects]]
  branch = "v3"
  digest = "1:229cb0f6192914f518cc1241ede6d6f1f458b31debfa18bf3a5c9e4f7b01e24b"
  name = "gopkg.in/yaml.v3"
  packages = ["."]
  pruneopts = "UT"
  revision = "eeeca48fe7764f320e4870d231902bf9c1be2c08"

[[projects]]
  digest = "1:d89afbf3588e87d2c9e6efdd5528d249b32d23a12fbd7ec324f3cb373c6fb76c"
  name = "k8s.io/api"
  packages = [
    "admissionregistration/v1beta1",
    "apps/v1",
    "apps/v1beta1",
    "apps/v1beta2",
    "auditregistration/v1alpha1",
    "authentication/v1",
    "authentication/v1beta1",
    "authorization/v1",
    "authorization/v1beta1",
    "autoscaling/v1",
    "autoscaling/v2beta1",
    "autoscaling/v2beta2",
    "batch/v1",
    "batch/v1beta1",
    "batch/v2alpha1",
    "certificates/v1beta1",
    "coordination/v1",
    "coordination/v1beta1",
    "core/v1",
    "events/v1beta1",
    "extensions/v1beta1",
    "networking/v1",
    "networking/v1beta1",
    "node/v1alpha1",
    "node/v1beta1",
    "policy/v1beta1",
    "rbac/v1",
    "rbac/v1alpha1",
    "rbac/v1beta1",
    "scheduling/v1",
    "scheduling/v1alpha1",
    "scheduling/v1beta1",
    "settings/v1alpha1",
    "storage/v1",
    "storage/v1alpha1",
    "storage/v1beta1",
  ]
  pruneopts = "UT"
  revision = "2cd11237263f515cf13ca56d2b6c6c48a4158396"
  version = "kubernetes-1.15.6"

[[projects]]
  digest = "1:84f9810c6564ddb982afac1cb53017f5781267332d0cf430faa88b98d0b8bd69"
  name = "k8s.io/apimachinery"
  packages = [
    "pkg/api/errors",
    "pkg/api/meta",
    "pkg/api/resource",
    "pkg/apis/meta/v1",
    "pkg/apis/meta/v1/unstructured",
    "pkg/conversion",
    "pkg/conversion/queryparams",
    "pkg/fields",
    "pkg/labels",
    "pkg/runtime",
    "pkg/runtime/schema",
    "pkg/runtime/serializer",
    "pkg/runtime/serializer/json",
    "pkg/runtime/serializer/protobuf",
    "pkg/runtime/serializer/recognizer",
    "pkg/runtime/serializer/streaming",
    "pkg/runtime/serializer/versioning",
    "pkg/selection",
    "pkg/types",
    "pkg/util/clock",
    "pkg/util/errors",
    "pkg/util/framer",
    "pkg/util/httpstream",
    "pkg/util/httpstream/spdy",
    "pkg/util/intstr",
    "pkg/util/json",
    "pkg/util/naming",
    "pkg/util/net",
    "pkg/util/runtime",
    "pkg/util/sets",
    "pkg/util/validation",
    "pkg/util/validation/field",
    "pkg/util/yaml",
    "pkg/version",
    "pkg/watch",
    "third_party/forked/golang/netutil",
    "third_party/forked/golang/reflect",
  ]
  pruneopts = "UT"
  revision = "31ade1b30762be61c32b2e8db2a11aa8b0b8960e"
  version = "kubernetes-1.15.6"

[[projects]]
  digest = "1:d9fe60190b951f07de2b70c749bfddd8cd89357015f829639473f4a8bff79942"
  name = "k8s.io/client-go"
  packages = [
    "discovery",
    "kubernetes",
    "kubernetes/scheme",
    "kubernetes/typed/admissionregistration/v1beta1",
    "kubernetes/typed/apps/v1",
    "kubernetes/typed/apps/v1beta1",
    "kubernetes/typed/apps/v1beta2",
    "kubernetes/typed/auditregistration/v1alpha1",
    "kubernetes/typed/authentication/v1",
    "kubernetes/typed/authentication/v1beta1",
    "kubernetes/typed/authorization/v1",
    "kubernetes/typed/authorization/v1beta1",
    "kubernetes/typed/autoscaling/v1",
    "kubernetes/typed/autoscaling/v2beta1",
    "kubernetes/typed/autoscaling/v2beta2",
    "kubernetes/typed/batch/v1",
    "kubernetes/typed/batch/v1beta1",
    "kubernetes/typed/batch/v2alpha1",
    "kubernetes/typed/certificates/v1beta1",
    "kubernetes/typed/coordination/v1",
    "kubernetes/typed/coordination/v1beta1",
    "kubernetes/typed/core/v1",
    "kubernetes/typed/events/v1beta1",
    "kubernetes/typed/extensions/v1beta1",
    "kubernetes/typed/networking/v1",
    "kubernetes/typed/networking/v1beta1",
    "kubernetes/typed/node/v1alpha1",
    "kubernetes/typed/node/v1beta1",
    "kubernetes/typed/policy/v1beta1",
    "kubernetes/typed/rbac/v1",
    "kubernetes/typed/rbac/v1alpha1",
    "kubernetes/typed/rbac/v1beta1",
    "kubernetes/typed/scheduling/v1",
    "kubernetes/typed/scheduling/v1alpha1",
    "kubernetes/typed/scheduling/v1beta1",
    "kubernetes/typed/settings/v1alpha1",
    "kubernetes/typed/storage/v1",
    "kubernetes/typed/storage/v1alpha1",
    "kubernetes/typed/storage/v1beta1",
    "pkg/apis/clientauthentication",
    "pkg/apis/clientauthentication/v1alpha1",
    "pkg/apis/clientauthentication/v1beta1",
    "pkg/version",
    "plugin/pkg/client/auth/exec",
    "rest",
    "rest/watch",
    "tools/auth",
    "tools/clientcmd",
    "tools/clientcmd/api",
    "tools/clientcmd/api/latest",
    "tools/clientcmd/api/v1",
    "tools/metrics",
    "tools/portforward",
    "tools/reference",
    "transport",
    "transport/spdy",
    "util/cert",
    "util/connrotation",
    "util/flowcontrol",
    "util/homedir",
    "util/keyutil",
  ]
  pruneopts = "UT"
  revision = "8cba805ad12d699a43f2fe96dbfbcf3042133e89"
  version = "kubernetes-1.15.6"

[[projects]]
  digest = "1:93e82f25d75aba18436ad1ac042cb49493f096011f2541075721ed6f9e05c044"
  name = "k8s.io/klog"
  packages = ["."]
  pruneopts = "UT"
  revision = "2ca9ad30301bf30a8a6e0fa2110db6b8df699a91"
  version = "v1.0.0"

[[projects]]
  branch = "master"
  digest = "1:8a5e4720aca8a94c876d960a2b86afcaf98e8ded4b5bd7fe42d920806b292c57"
  name = "k8s.io/utils"
  packages = ["integer"]
  pruneopts = "UT"
  revision = "2df71ebbae66f39338aed4cd0bb82d2212ee33cc"

[[projects]]
  digest = "1:36d2b2cb1fa6e4a731e38c3582c203213cdbc52c5f202af07db6dc6eeaec88dc"
  name = "sigs.k8s.io/yaml"
  packages = ["."]
  pruneopts = "UT"
  revision = "9fc95527decd95bb9d28cc2eab08179b2d0f6971"
  version = "v1.2.0"

[solve-meta]
  analyzer-name = "dep"
  analyzer-version = 1
  input-imports = [
    "github.com/golang/glog",
    "github.com/grpc-ecosystem/grpc-gateway/runtime",
    "github.com/jhump/protoreflect/desc",
    "github.com/jhump/protoreflect/desc/protoparse",
    "github.com/jhump/protoreflect/dynamic",
    "github.com/jhump/protoreflect/dynamic/grpcdynamic",
    "github.com/spf13/cobra",
    "google.golang.org/grpc",
    "google.golang.org/grpc/credentials",
    "google.golang.org/grpc/metadata",
    "gopkg.in/fatih/set.v0",
    "gopkg.in/yaml.v3",
    "k8s.io/api/core/v1",
    "k8s.io/apimachinery/pkg/apis/meta/v1",
    "k8s.io/apimachinery/pkg/runtime/serializer",
    "k8s.io/client-go/kubernetes",
    "k8s.io/client-go/kubernetes/scheme",
    "k8s.io/client-go/rest",
    "k8s.io/client-go/tools/clientcmd",
    "k8s.io/client-go/tools/portforward",
    "k8s.io/client-go/transport/spdy",
  ]
  solver-name = "gps-cdcl"
  solver-version = 1
